
Microsoft Visual Studio Solution File, Format Version 12.00
# Visual Studio Version 17
VisualStudioVersion = 17.0.31903.59
MinimumVisualStudioVersion = 10.0.40219.1
Project("{FAE04EC0-301F-11D3-BF4B-00C04F79EFBC}") = "UserManagementApi", "UserManagementApi\UserManagementApi.csproj", "{5B6353AA-A396-48CC-BB33-B97573493512}"
EndProject
Project("{FAE04EC0-301F-11D3-BF4B-00C04F79EFBC}") = "UserManagementApi.Tests", "UserManagementApi.Tests\UserManagementApi.Tests.csproj", "{A9B83E3E-8DD4-49F5-831A-3E088BFF3D26}"
EndProject
Project("{2150E333-8FDC-42A3-9474-1A3956D46DE8}") = "Documents", "Documents", "{D370CD8A-04B5-41CF-B54F-AFE1872D934E}"
	ProjectSection(SolutionItems) = preProject
		README.md = README.md
	EndProjectSection
EndProject
Global
	GlobalSection(SolutionConfigurationPlatforms) = preSolution
		Debug|Any CPU = Debug|Any CPU
		Release|Any CPU = Release|Any CPU
	EndGlobalSection
	GlobalSection(ProjectConfigurationPlatforms) = postSolution
		{5B6353AA-A396-48CC-BB33-B97573493512}.Debug|Any CPU.ActiveCfg = Debug|Any CPU
		{5B6353AA-A396-48CC-BB33-B97573493512}.Debug|Any CPU.Build.0 = Debug|Any CPU
		{5B6353AA-A396-48CC-BB33-B97573493512}.Release|Any CPU.ActiveCfg = Release|Any CPU
		{5B6353AA-A396-48CC-BB33-B97573493512}.Release|Any CPU.Build.0 = Release|Any CPU
		{A9B83E3E-8DD4-49F5-831A-3E088BFF3D26}.Debug|Any CPU.ActiveCfg = Debug|Any CPU
		{A9B83E3E-8DD4-49F5-831A-3E088BFF3D26}.Debug|Any CPU.Build.0 = Debug|Any CPU
		{A9B83E3E-8DD4-49F5-831A-3E088BFF3D26}.Release|Any CPU.ActiveCfg = Release|Any CPU
		{A9B83E3E-8DD4-49F5-831A-3E088BFF3D26}.Release|Any CPU.Build.0 = Release|Any CPU
	EndGlobalSection
	GlobalSection(SolutionProperties) = preSolution
		HideSolutionNode = FALSE
	EndGlobalSection
EndGlobal
